
Microsoft Visual Studio Solution File, Format Version 12.00
# Visual Studio Version 16
VisualStudioVersion = 16.0.32901.82
MinimumVisualStudioVersion = 10.0.40219.1
Project("{FAE04EC0-301F-11D3-BF4B-00C04F79EFBC}") = "QLSach", "QL_Sach\QLSach.csproj", "{534D3CF1-EE82-4E43-BC28-55CE32F64B0E}"
EndProject
Global
	GlobalSection(SolutionConfigurationPlatforms) = preSolution
		Debug|Any CPU = Debug|Any CPU
		Release|Any CPU = Release|Any CPU
	EndGlobalSection
	GlobalSection(ProjectConfigurationPlatforms) = postSolution
		{534D3CF1-EE82-4E43-BC28-55CE32F64B0E}.Debug|Any CPU.ActiveCfg = Debug|Any CPU
		{534D3CF1-EE82-4E43-BC28-55CE32F64B0E}.Debug|Any CPU.Build.0 = Debug|Any CPU
		{534D3CF1-EE82-4E43-BC28-55CE32F64B0E}.Release|Any CPU.ActiveCfg = Release|Any CPU
		{534D3CF1-EE82-4E43-BC28-55CE32F64B0E}.Release|Any CPU.Build.0 = Release|Any CPU
	EndGlobalSection
	GlobalSection(SolutionProperties) = preSolution
		HideSolutionNode = FALSE
	EndGlobalSection
	GlobalSection(ExtensibilityGlobals) = postSolution
		SolutionGuid = {DF252DDF-0EE7-488A-B0EB-E44F3CE185D9}
	EndGlobalSection
EndGlobal
